{
  "lockfileVersion": 1,
  "configVersion": 1,
  "workspaces": {
    "": {
      "name": "raibecas",
    },
    "apps/admin-panel": {
      "name": "raibecas-admin",
      "version": "0.1.0",
      "dependencies": {
        "@ant-design/icons": "^6.1.0",
        "@ant-design/x-markdown": "^2.2.2",
        "@ant-design/x-sdk": "^2.2.2",
        "@editorjs/checklist": "^1.6.0",
        "@editorjs/code": "^2.9.3",
        "@editorjs/delimiter": "^1.4.2",
        "@editorjs/editorjs": "^2.31.0",
        "@editorjs/header": "^2.8.8",
        "@editorjs/inline-code": "^1.5.1",
        "@editorjs/list": "^2.0.2",
        "@editorjs/marker": "^1.4.0",
        "@editorjs/quote": "^2.7.6",
        "@editorjs/table": "^2.4.4",
        "@editorjs/underline": "^1.1.0",
        "@react-buddy/ide-toolbox": "^2.4.0",
        "@tanstack/react-router": "^1.147.0",
        "antd": "^6.1.4",
        "axios": "1.13.5",
        "dayjs": "^1.11.19",
        "react": "^19",
        "react-dom": "^19",
      },
      "devDependencies": {
        "@types/bun": "latest",
        "@types/react": "^19",
        "@types/react-dom": "^19",
      },
    },
    "apps/user-app": {
      "name": "raibecas-user",
      "version": "0.1.0",
      "dependencies": {
        "@ant-design/icons": "^6.1.0",
        "@tanstack/react-router": "^1.147.0",
        "antd": "^6.1.4",
        "axios": "^1.13.2",
        "dayjs": "^1.11.19",
        "react": "^19",
        "react-dom": "^19",
      },
      "devDependencies": {
        "@types/bun": "latest",
        "@types/react": "^19",
        "@types/react-dom": "^19",
      },
    },
  },
  "packages": {
    "@ant-design/colors": ["@ant-design/colors@8.0.1", "", { "dependencies": { "@ant-design/fast-color": "^3.0.0" } }, "sha512-foPVl0+SWIslGUtD/xBr1p9U4AKzPhNYEseXYRRo5QSzGACYZrQbe11AYJbYfAWnWSpGBx6JjBmSeugUsD9vqQ=="],

    "@ant-design/cssinjs": ["@ant-design/cssinjs@2.1.0", "", { "dependencies": { "@babel/runtime": "^7.11.1", "@emotion/hash": "^0.8.0", "@emotion/unitless": "^0.7.5", "@rc-component/util": "^1.4.0", "clsx": "^2.1.1", "csstype": "^3.1.3", "stylis": "^4.3.4" }, "peerDependencies": { "react": ">=16.0.0", "react-dom": ">=16.0.0" } }, "sha512-eZFrPCnrYrF3XtL7qA4L75P0qA3TtZta8H3Yggy7UYFh8gZgu5bSMNF+v4UVCzGxzYmx8ZvPdgOce0BJ6PsW9g=="],

    "@ant-design/cssinjs-utils": ["@ant-design/cssinjs-utils@2.1.1", "", { "dependencies": { "@ant-design/cssinjs": "^2.1.0", "@babel/runtime": "^7.23.2", "@rc-component/util": "^1.4.0" }, "peerDependencies": { "react": ">=18", "react-dom": ">=18" } }, "sha512-RKxkj5pGFB+FkPJ5NGhoX3DK3xsv0pMltha7Ei1AnY3tILeq38L7tuhaWDPQI/5nlPxOog44wvqpNyyGcUsNMg=="],

    "@ant-design/fast-color": ["@ant-design/fast-color@3.0.1", "", {}, "sha512-esKJegpW4nckh0o6kV3Tkb7NPIZYbPnnFxmQDUmL08ukXZAvV85TZBr70eGuke/CIArLaP6aw8lt9KILjnWuOw=="],

    "@ant-design/icons": ["@ant-design/icons@6.1.0", "", { "dependencies": { "@ant-design/colors": "^8.0.0", "@ant-design/icons-svg": "^4.4.0", "@rc-component/util": "^1.3.0", "clsx": "^2.1.1" }, "peerDependencies": { "react": ">=16.0.0", "react-dom": ">=16.0.0" } }, "sha512-KrWMu1fIg3w/1F2zfn+JlfNDU8dDqILfA5Tg85iqs1lf8ooyGlbkA+TkwfOKKgqpUmAiRY1PTFpuOU2DAIgSUg=="],

    "@ant-design/icons-svg": ["@ant-design/icons-svg@4.4.2", "", {}, "sha512-vHbT+zJEVzllwP+CM+ul7reTEfBR0vgxFe7+lREAsAA7YGsYpboiq2sQNeQeRvh09GfQgs/GyFEvZpJ9cLXpXA=="],

    "@ant-design/react-slick": ["@ant-design/react-slick@2.0.0", "", { "dependencies": { "@babel/runtime": "^7.28.4", "clsx": "^2.1.1", "json2mq": "^0.2.0", "throttle-debounce": "^5.0.0" }, "peerDependencies": { "react": "^0.14.0 || ^15.0.1 || ^16.0.0 || ^17.0.0 || ^18.0.0 || ^19.0.0", "react-dom": "^0.14.0 || ^15.0.1 || ^16.0.0 || ^17.0.0 || ^18.0.0 || ^19.0.0" } }, "sha512-HMS9sRoEmZey8LsE/Yo6+klhlzU12PisjrVcydW3So7RdklyEd2qehyU6a7Yp+OYN72mgsYs3NFCyP2lCPFVqg=="],

    "@ant-design/x-markdown": ["@ant-design/x-markdown@2.2.2", "", { "dependencies": { "clsx": "^2.1.1", "dompurify": "^3.2.6", "html-react-parser": "^5.2.13", "katex": "^0.16.22", "marked": "^15.0.12" }, "peerDependencies": { "react": ">=18.0.0", "react-dom": ">=18.0.0" } }, "sha512-ICKjXZsZqUo+isgZ3cGdx8V929iaidKUpEcjDpQ8ZV7KWocpwjM43SMdu2WSTaZm4uxgs0ACPTMALvWWdK69Rg=="],

    "@ant-design/x-sdk": ["@ant-design/x-sdk@2.2.2", "", { "dependencies": { "@rc-component/util": "^1.4.0" }, "peerDependencies": { "react": ">=18.0.0", "react-dom": ">=18.0.0" } }, "sha512-u9t33iOPe/Ckvaec8tBhCxXqr4KwDY+gIXJuBgTMEk2JE0MM1p8HHNf0fRcKFEBC/gZsiXFexoAjdCupuchRUQ=="],

    "@babel/runtime": ["@babel/runtime@7.28.6", "", {}, "sha512-05WQkdpL9COIMz4LjTxGpPNCdlpyimKppYNoJ5Di5EUObifl8t4tuLuUBBZEpoLYOmfvIWrsp9fCl0HoPRVTdA=="],

    "@codexteam/icons": ["@codexteam/icons@0.3.3", "", {}, "sha512-cp7mkZPgmBuSxigTm3Vb+DtVHYeX7qXfQd7o05vcLD8Ag5WvRlol2QSn5P10k0CDAJwmkH9nQGQLBycErS9lsQ=="],

    "@editorjs/caret": ["@editorjs/caret@1.0.3", "", { "dependencies": { "@editorjs/dom": "^1.0.1" } }, "sha512-VmgwQJZgL/LQjk049JunzRV1YCa0vDi+BNEpbDmr5cp3lGZllq9QQFO1eI71ZPzvFVn3vvhb+eOif4sAEyGgbw=="],

    "@editorjs/checklist": ["@editorjs/checklist@1.6.0", "", { "dependencies": { "@codexteam/icons": "^0.3.0" } }, "sha512-hRNP36DInr73mSK3noHBQeoQb7DA12ANfqTXufEkTgQzx+k4mRJ0HdeGukTIR4JbwjHJ9ecUBnnQqIEGnxCFEg=="],

    "@editorjs/code": ["@editorjs/code@2.9.4", "", { "dependencies": { "@codexteam/icons": "^0.3.2" } }, "sha512-c0zyWodNqjL/0WI67sZvACIOFU9IAHG0UeeIpjss8pZGGNBum+UWkh7nKULK0SYvaOrdPdlWWqjuFU1TFA5jUA=="],

    "@editorjs/delimiter": ["@editorjs/delimiter@1.4.2", "", { "dependencies": { "@codexteam/icons": "^0.3.2" } }, "sha512-S8q2LpeYdYkVShLp7K8c4HLthDHBevLw+sT+iO0+SH0oMvFmld9SUon3DFzMQ2gG07EOdZGRZ958+sVxyvFjZw=="],

    "@editorjs/dom": ["@editorjs/dom@0.0.5", "", { "dependencies": { "@editorjs/helpers": "^0.0.4" } }, "sha512-SZ78Gwpkp3EUhjBIp0lSojeQ35V9acF8SubJsMeOH/vlOUE40GOnvvwWZnF05lO7bIB0dOHhhJy4N7IIAWxP2w=="],

    "@editorjs/editorjs": ["@editorjs/editorjs@2.31.3", "", { "dependencies": { "@editorjs/caret": "^1.0.1", "codex-notifier": "^1.1.2", "codex-tooltip": "^1.0.5" } }, "sha512-UmMLMmVboNxWBKdXjiCfu0OdVbVnJf2Eqw8Y2FuY+HWNWGmDr/BaM2Cw8D6Qlg0N/x9lv2nYqSfikctw2kYWAA=="],

    "@editorjs/header": ["@editorjs/header@2.8.8", "", { "dependencies": { "@codexteam/icons": "^0.0.5", "@editorjs/editorjs": "^2.29.1" } }, "sha512-bsMSs34u2hoi0UBuRoc5EGWXIFzJiwYgkFUYQGVm63y5FU+s8zPBmVx5Ip2sw1xgs0fqfDROqmteMvvmbCy62w=="],

    "@editorjs/helpers": ["@editorjs/helpers@0.0.4", "", {}, "sha512-ieg3dzo2m1/ELze/RMNADiAiC5amXxIlVXoJ5vvXITOu/p/dPsrF+Oi3h5gBYvtGk9vg5LJUSG5YWU0tBUO1tw=="],

    "@editorjs/inline-code": ["@editorjs/inline-code@1.5.2", "", { "dependencies": { "@codexteam/icons": "^0.3.2" } }, "sha512-IpEvwMTP3q89T/6vTi3ACoSMOcTdywtMsci1w19+Z/lxQn/NVuVah++ro93wQ/1ZVTyCr+TPUCchxwzY1/xaMg=="],

    "@editorjs/list": ["@editorjs/list@2.0.9", "", { "dependencies": { "@codexteam/icons": "^0.3.2" } }, "sha512-rUTgDSt5wygD3Dp24bNyp6vvye/Xf4UWju0ZuvWeP13Z4cu2z1Jb5JFSTEhCou72XUGuf4xVhtsd8cm/bwUS1g=="],

    "@editorjs/marker": ["@editorjs/marker@1.4.0", "", { "dependencies": { "@codexteam/icons": "^0.0.5" } }, "sha512-5ipEXfL44jTTRzgNp/p/YjMO7jT08S5z4V8qA3FFJTfdhKgQyM3mvP1zpdYKw47ZZpVWMCncvk5Nto3BxihEtg=="],

    "@editorjs/quote": ["@editorjs/quote@2.7.6", "", { "dependencies": { "@codexteam/icons": "^0.3.2", "@editorjs/dom": "^0.0.5" } }, "sha512-D01KUMSDj2r+6Z+xjDkQqI+y6URpeHCvj0+P4pah+GtkG040lWjFb2H4pgHFXuol2cbfyAoraYSw85fuPheCvw=="],

    "@editorjs/table": ["@editorjs/table@2.4.5", "", { "dependencies": { "@codexteam/icons": "^0.0.6" } }, "sha512-pF48R2wc5m0c+N+RjtCLXBGZd23Rl7EjfSFpmcSViwNsu5RwMgYGrEiQ8mzVh98mbvYQwXm/NYBi9DEUUs970A=="],

    "@editorjs/underline": ["@editorjs/underline@1.2.1", "", { "dependencies": { "@codexteam/icons": "^0.3.2" } }, "sha512-LjJ01ia6Pj0Z/elifycp9+T1bQs0eXNnIcEYKOlk0sGHLy88DPcBOh9oz1i+uWarZ4AjGsvSMaptpWe+yQNsjQ=="],

    "@emotion/hash": ["@emotion/hash@0.8.0", "", {}, "sha512-kBJtf7PH6aWwZ6fka3zQ0p6SBYzx4fl1LoZXE2RrnYST9Xljm7WfKJrU4g/Xr3Beg72MLrp1AWNUmuYJTL7Cow=="],

    "@emotion/unitless": ["@emotion/unitless@0.7.5", "", {}, "sha512-OWORNpfjMsSSUBVrRBVGECkhWcULOAJz9ZW8uK9qgxD+87M7jHRcvh/A96XXNhXTLmKcoYSQtBEX7lHMO7YRwg=="],

    "@rc-component/async-validator": ["@rc-component/async-validator@5.1.0", "", { "dependencies": { "@babel/runtime": "^7.24.4" } }, "sha512-n4HcR5siNUXRX23nDizbZBQPO0ZM/5oTtmKZ6/eqL0L2bo747cklFdZGRN2f+c9qWGICwDzrhW0H7tE9PptdcA=="],

    "@rc-component/cascader": ["@rc-component/cascader@1.14.0", "", { "dependencies": { "@rc-component/select": "~1.6.0", "@rc-component/tree": "~1.2.0", "@rc-component/util": "^1.4.0", "clsx": "^2.1.1" }, "peerDependencies": { "react": ">=18.0.0", "react-dom": ">=18.0.0" } }, "sha512-Ip9356xwZUR2nbW5PRVGif4B/bDve4pLa/N+PGbvBaTnjbvmN4PFMBGQSmlDlzKP1ovxaYMvwF/dI9lXNLT4iQ=="],

    "@rc-component/checkbox": ["@rc-component/checkbox@2.0.0", "", { "dependencies": { "@rc-component/util": "^1.3.0", "clsx": "^2.1.1" }, "peerDependencies": { "react": ">=16.9.0", "react-dom": ">=16.9.0" } }, "sha512-3CXGPpAR9gsPKeO2N78HAPOzU30UdemD6HGJoWVJOpa6WleaGB5kzZj3v6bdTZab31YuWgY/RxV3VKPctn0DwQ=="],

    "@rc-component/collapse": ["@rc-component/collapse@1.2.0", "", { "dependencies": { "@babel/runtime": "^7.10.1", "@rc-component/motion": "^1.1.4", "@rc-component/util": "^1.3.0", "clsx": "^2.1.1" }, "peerDependencies": { "react": ">=18.0.0", "react-dom": ">=18.0.0" } }, "sha512-ZRYSKSS39qsFx93p26bde7JUZJshsUBEQRlRXPuJYlAiNX0vyYlF5TsAm8JZN3LcF8XvKikdzPbgAtXSbkLUkw=="],

    "@rc-component/color-picker": ["@rc-component/color-picker@3.1.0", "", { "dependencies": { "@ant-design/fast-color": "^3.0.0", "@rc-component/util": "^1.3.0", "clsx": "^2.1.1" }, "peerDependencies": { "react": ">=16.9.0", "react-dom": ">=16.9.0" } }, "sha512-o7Vavj7yyfVxFmeynXf0fCHVlC0UTE9al74c6nYuLck+gjuVdQNWSVXR8Efq/mmWFy7891SCOsfaPq6Eqe1s/g=="],

    "@rc-component/context": ["@rc-component/context@2.0.1", "", { "dependencies": { "@rc-component/util": "^1.3.0" }, "peerDependencies": { "react": ">=16.9.0", "react-dom": ">=16.9.0" } }, "sha512-HyZbYm47s/YqtP6pKXNMjPEMaukyg7P0qVfgMLzr7YiFNMHbK2fKTAGzms9ykfGHSfyf75nBbgWw+hHkp+VImw=="],

    "@rc-component/dialog": ["@rc-component/dialog@1.8.4", "", { "dependencies": { "@rc-component/motion": "^1.1.3", "@rc-component/portal": "^2.1.0", "@rc-component/util": "^1.9.0", "clsx": "^2.1.1" }, "peerDependencies": { "react": ">=18.0.0", "react-dom": ">=18.0.0" } }, "sha512-Ay6PM7phkTkquplG8fWfUGFZ2GTLx9diTl4f0d8Eqxd7W1u1KjE9AQooFQHOHnhZf0Ya3z51+5EKCWHmt/dNEw=="],

    "@rc-component/drawer": ["@rc-component/drawer@1.4.2", "", { "dependencies": { "@rc-component/motion": "^1.1.4", "@rc-component/portal": "^2.1.3", "@rc-component/util": "^1.9.0", "clsx": "^2.1.1" }, "peerDependencies": { "react": ">=18.0.0", "react-dom": ">=18.0.0" } }, "sha512-1ib+fZEp6FBu+YvcIktm+nCQ+Q+qIpwpoaJH6opGr4ofh2QMq+qdr5DLC4oCf5qf3pcWX9lUWPYX652k4ini8Q=="],

    "@rc-component/dropdown": ["@rc-component/dropdown@1.0.2", "", { "dependencies": { "@rc-component/trigger": "^3.0.0", "@rc-component/util": "^1.2.1", "clsx": "^2.1.1" }, "peerDependencies": { "react": ">=16.11.0", "react-dom": ">=16.11.0" } }, "sha512-6PY2ecUSYhDPhkNHHb4wfeAya04WhpmUSKzdR60G+kMNVUCX2vjT/AgTS0Lz0I/K6xrPMJ3enQbwVpeN3sHCgg=="],

    "@rc-component/form": ["@rc-component/form@1.6.2", "", { "dependencies": { "@rc-component/async-validator": "^5.1.0", "@rc-component/util": "^1.6.2", "clsx": "^2.1.1" }, "peerDependencies": { "react": ">=16.9.0", "react-dom": ">=16.9.0" } }, "sha512-OgIn2RAoaSBqaIgzJf/X6iflIa9LpTozci1lagLBdURDFhGA370v0+T0tXxOi8YShMjTha531sFhwtnrv+EJaQ=="],

    "@rc-component/image": ["@rc-component/image@1.6.0", "", { "dependencies": { "@rc-component/motion": "^1.0.0", "@rc-component/portal": "^2.1.2", "@rc-component/util": "^1.3.0", "clsx": "^2.1.1" }, "peerDependencies": { "react": ">=16.9.0", "react-dom": ">=16.9.0" } }, "sha512-tSfn2ZE/oP082g4QIOxeehkmgnXB7R+5AFj/lIFr4k7pEuxHBdyGIq9axoCY9qea8NN0DY6p4IB/F07tLqaT5A=="],

    "@rc-component/input": ["@rc-component/input@1.1.2", "", { "dependencies": { "@rc-component/util": "^1.4.0", "clsx": "^2.1.1" }, "peerDependencies": { "react": ">=16.0.0", "react-dom": ">=16.0.0" } }, "sha512-Q61IMR47piUBudgixJ30CciKIy9b1H95qe7GgEKOmSJVJXvFRWJllJfQry9tif+MX2cWFXWJf/RXz4kaCeq/Fg=="],

    "@rc-component/input-number": ["@rc-component/input-number@1.6.2", "", { "dependencies": { "@rc-component/mini-decimal": "^1.0.1", "@rc-component/util": "^1.4.0", "clsx": "^2.1.1" }, "peerDependencies": { "react": ">=16.9.0", "react-dom": ">=16.9.0" } }, "sha512-Gjcq7meZlCOiWN1t1xCC+7/s85humHVokTBI7PJgTfoyw5OWF74y3e6P8PHX104g9+b54jsodFIzyaj6p8LI9w=="],

    "@rc-component/mentions": ["@rc-component/mentions@1.6.0", "", { "dependencies": { "@rc-component/input": "~1.1.0", "@rc-component/menu": "~1.2.0", "@rc-component/textarea": "~1.1.0", "@rc-component/trigger": "^3.0.0", "@rc-component/util": "^1.3.0", "clsx": "^2.1.1" }, "peerDependencies": { "react": ">=16.9.0", "react-dom": ">=16.9.0" } }, "sha512-KIkQNP6habNuTsLhUv0UGEOwG67tlmE7KNIJoQZZNggEZl5lQJTytFDb69sl5CK3TDdISCTjKP3nGEBKgT61CQ=="],

    "@rc-component/menu": ["@rc-component/menu@1.2.0", "", { "dependencies": { "@rc-component/motion": "^1.1.4", "@rc-component/overflow": "^1.0.0", "@rc-component/trigger": "^3.0.0", "@rc-component/util": "^1.3.0", "clsx": "^2.1.1" }, "peerDependencies": { "react": ">=16.9.0", "react-dom": ">=16.9.0" } }, "sha512-VWwDuhvYHSnTGj4n6bV3ISrLACcPAzdPOq3d0BzkeiM5cve8BEYfvkEhNoM0PLzv51jpcejeyrLXeMVIJ+QJlg=="],

    "@rc-component/mini-decimal": ["@rc-component/mini-decimal@1.1.0", "", { "dependencies": { "@babel/runtime": "^7.18.0" } }, "sha512-jS4E7T9Li2GuYwI6PyiVXmxTiM6b07rlD9Ge8uGZSCz3WlzcG5ZK7g5bbuKNeZ9pgUuPK/5guV781ujdVpm4HQ=="],

    "@rc-component/motion": ["@rc-component/motion@1.1.6", "", { "dependencies": { "@rc-component/util": "^1.2.0", "clsx": "^2.1.1" }, "peerDependencies": { "react": ">=16.9.0", "react-dom": ">=16.9.0" } }, "sha512-aEQobs/YA0kqRvHIPjQvOytdtdRVyhf/uXAal4chBjxDu6odHckExJzjn2D+Ju1aKK6hx3pAs6BXdV9+86xkgQ=="],

    "@rc-component/mutate-observer": ["@rc-component/mutate-observer@2.0.1", "", { "dependencies": { "@rc-component/util": "^1.2.0" }, "peerDependencies": { "react": ">=16.9.0", "react-dom": ">=16.9.0" } }, "sha512-AyarjoLU5YlxuValRi+w8JRH2Z84TBbFO2RoGWz9d8bSu0FqT8DtugH3xC3BV7mUwlmROFauyWuXFuq4IFbH+w=="],

    "@rc-component/notification": ["@rc-component/notification@1.2.0", "", { "dependencies": { "@rc-component/motion": "^1.1.4", "@rc-component/util": "^1.2.1", "clsx": "^2.1.1" }, "peerDependencies": { "react": ">=16.9.0", "react-dom": ">=16.9.0" } }, "sha512-OX3J+zVU7rvoJCikjrfW7qOUp7zlDeFBK2eA3SFbGSkDqo63Sl4Ss8A04kFP+fxHSxMDIS9jYVEZtU1FNCFuBA=="],

    "@rc-component/overflow": ["@rc-component/overflow@1.0.0", "", { "dependencies": { "@babel/runtime": "^7.11.1", "@rc-component/resize-observer": "^1.0.1", "@rc-component/util": "^1.4.0", "clsx": "^2.1.1" }, "peerDependencies": { "react": ">=16.9.0", "react-dom": ">=16.9.0" } }, "sha512-GSlBeoE0XTBi5cf3zl8Qh7Uqhn7v8RrlJ8ajeVpEkNe94HWy5l5BQ0Mwn2TVUq9gdgbfEMUmTX7tJFAg7mz0Rw=="],

    "@rc-component/pagination": ["@rc-component/pagination@1.2.0", "", { "dependencies": { "@rc-component/util": "^1.3.0", "clsx": "^2.1.1" }, "peerDependencies": { "react": ">=16.9.0", "react-dom": ">=16.9.0" } }, "sha512-YcpUFE8dMLfSo6OARJlK6DbHHvrxz7pMGPGmC/caZSJJz6HRKHC1RPP001PRHCvG9Z/veD039uOQmazVuLJzlw=="],

    "@rc-component/picker": ["@rc-component/picker@1.9.0", "", { "dependencies": { "@rc-component/overflow": "^1.0.0", "@rc-component/resize-observer": "^1.0.0", "@rc-component/trigger": "^3.6.15", "@rc-component/util": "^1.3.0", "clsx": "^2.1.1" }, "peerDependencies": { "date-fns": ">= 2.x", "dayjs": ">= 1.x", "luxon": ">= 3.x", "moment": ">= 2.x", "react": ">=16.9.0", "react-dom": ">=16.9.0" }, "optionalPeers": ["date-fns", "dayjs", "luxon", "moment"] }, "sha512-OLisdk8AWVCG9goBU1dWzuH5QlBQk8jktmQ6p0/IyBFwdKGwyIZOSjnBYo8hooHiTdl0lU+wGf/OfMtVBw02KQ=="],

    "@rc-component/portal": ["@rc-component/portal@2.2.0", "", { "dependencies": { "@rc-component/util": "^1.2.1", "clsx": "^2.1.1" }, "peerDependencies": { "react": ">=18.0.0", "react-dom": ">=18.0.0" } }, "sha512-oc6FlA+uXCMiwArHsJyHcIkX4q6uKyndrPol2eWX8YPkAnztHOPsFIRtmWG4BMlGE5h7YIRE3NiaJ5VS8Lb1QQ=="],

    "@rc-component/progress": ["@rc-component/progress@1.0.2", "", { "dependencies": { "@rc-component/util": "^1.2.1", "clsx": "^2.1.1" }, "peerDependencies": { "react": ">=16.9.0", "react-dom": ">=16.9.0" } }, "sha512-WZUnH9eGxH1+xodZKqdrHke59uyGZSWgj5HBM5Kwk5BrTMuAORO7VJ2IP5Qbm9aH3n9x3IcesqHHR0NWPBC7fQ=="],

    "@rc-component/qrcode": ["@rc-component/qrcode@1.1.1", "", { "dependencies": { "@babel/runtime": "^7.24.7" }, "peerDependencies": { "react": ">=16.9.0", "react-dom": ">=16.9.0" } }, "sha512-LfLGNymzKdUPjXUbRP+xOhIWY4jQ+YMj5MmWAcgcAq1Ij8XP7tRmAXqyuv96XvLUBE/5cA8hLFl9eO1JQMujrA=="],

    "@rc-component/rate": ["@rc-component/rate@1.0.1", "", { "dependencies": { "@rc-component/util": "^1.3.0", "clsx": "^2.1.1" }, "peerDependencies": { "react": ">=16.9.0", "react-dom": ">=16.9.0" } }, "sha512-bkXxeBqDpl5IOC7yL7GcSYjQx9G8H+6kLYQnNZWeBYq2OYIv1MONd6mqKTjnnJYpV0cQIU2z3atdW0j1kttpTw=="],

    "@rc-component/resize-observer": ["@rc-component/resize-observer@1.1.1", "", { "dependencies": { "@rc-component/util": "^1.2.0" }, "peerDependencies": { "react": ">=16.9.0", "react-dom": ">=16.9.0" } }, "sha512-NfXXMmiR+SmUuKE1NwJESzEUYUFWIDUn2uXpxCTOLwiRUUakd62DRNFjRJArgzyFW8S5rsL4aX5XlyIXyC/vRA=="],

    "@rc-component/segmented": ["@rc-component/segmented@1.3.0", "", { "dependencies": { "@babel/runtime": "^7.11.1", "@rc-component/motion": "^1.1.4", "@rc-component/util": "^1.3.0", "clsx": "^2.1.1" }, "peerDependencies": { "react": ">=16.0.0", "react-dom": ">=16.0.0" } }, "sha512-5J/bJ01mbDnoA6P/FW8SxUvKn+OgUSTZJPzCNnTBntG50tzoP7DydGhqxp7ggZXZls7me3mc2EQDXakU3iTVFg=="],

    "@rc-component/select": ["@rc-component/select@1.6.10", "", { "dependencies": { "@rc-component/overflow": "^1.0.0", "@rc-component/trigger": "^3.0.0", "@rc-component/util": "^1.3.0", "@rc-component/virtual-list": "^1.0.1", "clsx": "^2.1.1" }, "peerDependencies": { "react": "*", "react-dom": "*" } }, "sha512-y4+2LnyGZrAorIBwflk78PmFVUWcSc9pcljiH72oHj7K1YY/BFUmj224pD7P4o7J+tbIFES45Z7LIpjVmvYlNA=="],

    "@rc-component/slider": ["@rc-component/slider@1.0.1", "", { "dependencies": { "@rc-component/util": "^1.3.0", "clsx": "^2.1.1" }, "peerDependencies": { "react": ">=16.9.0", "react-dom": ">=16.9.0" } }, "sha512-uDhEPU1z3WDfCJhaL9jfd2ha/Eqpdfxsn0Zb0Xcq1NGQAman0TWaR37OWp2vVXEOdV2y0njSILTMpTfPV1454g=="],

    "@rc-component/steps": ["@rc-component/steps@1.2.2", "", { "dependencies": { "@rc-component/util": "^1.2.1", "clsx": "^2.1.1" }, "peerDependencies": { "react": ">=16.9.0", "react-dom": ">=16.9.0" } }, "sha512-/yVIZ00gDYYPHSY0JP+M+s3ZvuXLu2f9rEjQqiUDs7EcYsUYrpJ/1bLj9aI9R7MBR3fu/NGh6RM9u2qGfqp+Nw=="],

    "@rc-component/switch": ["@rc-component/switch@1.0.3", "", { "dependencies": { "@rc-component/util": "^1.3.0", "clsx": "^2.1.1" }, "peerDependencies": { "react": ">=16.9.0", "react-dom": ">=16.9.0" } }, "sha512-Jgi+EbOBquje/XNdofr7xbJQZPYJP+BlPfR0h+WN4zFkdtB2EWqEfvkXJWeipflwjWip0/17rNbxEAqs8hVHfw=="],

    "@rc-component/table": ["@rc-component/table@1.9.1", "", { "dependencies": { "@rc-component/context": "^2.0.1", "@rc-component/resize-observer": "^1.0.0", "@rc-component/util": "^1.1.0", "@rc-component/virtual-list": "^1.0.1", "clsx": "^2.1.1" }, "peerDependencies": { "react": ">=18.0.0", "react-dom": ">=18.0.0" } }, "sha512-FVI5ZS/GdB3BcgexfCYKi3iHhZS3Fr59EtsxORszYGrfpH1eWr33eDNSYkVfLI6tfJ7vftJDd9D5apfFWqkdJg=="],

    "@rc-component/tabs": ["@rc-component/tabs@1.7.0", "", { "dependencies": { "@rc-component/dropdown": "~1.0.0", "@rc-component/menu": "~1.2.0", "@rc-component/motion": "^1.1.3", "@rc-component/resize-observer": "^1.0.0", "@rc-component/util": "^1.3.0", "clsx": "^2.1.1" }, "peerDependencies": { "react": ">=16.9.0", "react-dom": ">=16.9.0" } }, "sha512-J48cs2iBi7Ho3nptBxxIqizEliUC+ExE23faspUQKGQ550vaBlv3aGF8Epv/UB1vFWeoJDTW/dNzgIU0Qj5i/w=="],

    "@rc-component/textarea": ["@rc-component/textarea@1.1.2", "", { "dependencies": { "@rc-component/input": "~1.1.0", "@rc-component/resize-observer": "^1.0.0", "@rc-component/util": "^1.3.0", "clsx": "^2.1.1" }, "peerDependencies": { "react": ">=16.9.0", "react-dom": ">=16.9.0" } }, "sha512-9rMUEODWZDMovfScIEHXWlVZuPljZ2pd1LKNjslJVitn4SldEzq5vO1CL3yy3Dnib6zZal2r2DPtjy84VVpF6A=="],

    "@rc-component/tooltip": ["@rc-component/tooltip@1.4.0", "", { "dependencies": { "@rc-component/trigger": "^3.7.1", "@rc-component/util": "^1.3.0", "clsx": "^2.1.1" }, "peerDependencies": { "react": ">=18.0.0", "react-dom": ">=18.0.0" } }, "sha512-8Rx5DCctIlLI4raR0I0xHjVTf1aF48+gKCNeAAo5bmF5VoR5YED+A/XEqzXv9KKqrJDRcd3Wndpxh2hyzrTtSg=="],

    "@rc-component/tour": ["@rc-component/tour@2.3.0", "", { "dependencies": { "@rc-component/portal": "^2.2.0", "@rc-component/trigger": "^3.0.0", "@rc-component/util": "^1.7.0", "clsx": "^2.1.1" }, "peerDependencies": { "react": ">=16.9.0", "react-dom": ">=16.9.0" } }, "sha512-K04K9r32kUC+auBSQfr+Fss4SpSIS9JGe56oq/ALAX0p+i2ylYOI1MgR83yBY7v96eO6ZFXcM/igCQmubps0Ow=="],

    "@rc-component/tree": ["@rc-component/tree@1.2.3", "", { "dependencies": { "@rc-component/motion": "^1.0.0", "@rc-component/util": "^1.8.1", "@rc-component/virtual-list": "^1.0.1", "clsx": "^2.1.1" }, "peerDependencies": { "react": "*", "react-dom": "*" } }, "sha512-mG8hF2ogQcKaEpfyxzPvMWqqkptofd7Sf+YiXOpPzuXLTLwNKfLDJtysc1/oybopbnzxNqWh2Vgwi+GYwNIb7w=="],

    "@rc-component/tree-select": ["@rc-component/tree-select@1.8.0", "", { "dependencies": { "@rc-component/select": "~1.6.0", "@rc-component/tree": "~1.2.0", "@rc-component/util": "^1.4.0", "clsx": "^2.1.1" }, "peerDependencies": { "react": "*", "react-dom": "*" } }, "sha512-iYsPq3nuLYvGqdvFAW+l+I9ASRIOVbMXyA8FGZg2lGym/GwkaWeJGzI4eJ7c9IOEhRj0oyfIN4S92Fl3J05mjQ=="],

    "@rc-component/trigger": ["@rc-component/trigger@3.9.0", "", { "dependencies": { "@rc-component/motion": "^1.1.4", "@rc-component/portal": "^2.2.0", "@rc-component/resize-observer": "^1.1.1", "@rc-component/util": "^1.2.1", "clsx": "^2.1.1" }, "peerDependencies": { "react": ">=18.0.0", "react-dom": ">=18.0.0" } }, "sha512-X8btpwfrT27AgrZVOz4swclhEHTZcqaHeQMXXBgveagOiakTa36uObXbdwerXffgV8G9dH1fAAE0DHtVQs8EHg=="],

    "@rc-component/upload": ["@rc-component/upload@1.1.0", "", { "dependencies": { "@rc-component/util": "^1.3.0", "clsx": "^2.1.1" }, "peerDependencies": { "react": ">=16.9.0", "react-dom": ">=16.9.0" } }, "sha512-LIBV90mAnUE6VK5N4QvForoxZc4XqEYZimcp7fk+lkE4XwHHyJWxpIXQQwMU8hJM+YwBbsoZkGksL1sISWHQxw=="],

    "@rc-component/util": ["@rc-component/util@1.9.0", "", { "dependencies": { "is-mobile": "^5.0.0", "react-is": "^18.2.0" }, "peerDependencies": { "react": ">=18.0.0", "react-dom": ">=18.0.0" } }, "sha512-5uW6AfhIigCWeEQDthTozlxiT4Prn6xYQWeO0xokjcaa186OtwPRHBZJ2o0T0FhbjGhZ3vXdbkv0sx3gAYW7Vg=="],

    "@rc-component/virtual-list": ["@rc-component/virtual-list@1.0.2", "", { "dependencies": { "@babel/runtime": "^7.20.0", "@rc-component/resize-observer": "^1.0.1", "@rc-component/util": "^1.4.0", "clsx": "^2.1.1" }, "peerDependencies": { "react": ">=16.9.0", "react-dom": ">=16.9.0" } }, "sha512-uvTol/mH74FYsn5loDGJxo+7kjkO4i+y4j87Re1pxJBs0FaeuMuLRzQRGaXwnMcV1CxpZLi2Z56Rerj2M00fjQ=="],

    "@react-buddy/ide-toolbox": ["@react-buddy/ide-toolbox@2.4.0", "", { "peerDependencies": { "react": "^17.0.0 || ^18.0.0" } }, "sha512-TWHX6gwa0Gop7215uHhjFMbYLLdjM/b9rr0wYE3E0m7GNJ56gbPpbZiq86w9uI8zksl827acqGeT437MkuO64w=="],

    "@tanstack/history": ["@tanstack/history@1.154.14", "", {}, "sha512-xyIfof8eHBuub1CkBnbKNKQXeRZC4dClhmzePHVOEel4G7lk/dW+TQ16da7CFdeNLv6u6Owf5VoBQxoo6DFTSA=="],

    "@tanstack/react-router": ["@tanstack/react-router@1.161.3", "", { "dependencies": { "@tanstack/history": "1.154.14", "@tanstack/react-store": "^0.9.1", "@tanstack/router-core": "1.161.3", "isbot": "^5.1.22", "tiny-invariant": "^1.3.3", "tiny-warning": "^1.0.3" }, "peerDependencies": { "react": ">=18.0.0 || >=19.0.0", "react-dom": ">=18.0.0 || >=19.0.0" } }, "sha512-evYPrkuFt4T6E0WVyBGGq83lWHJjsYy3E5SpPpfPY/uRnEgmgwfr6Xl570msRnWYMj7DIkYg8ZWFFwzqKrSlBw=="],

    "@tanstack/react-store": ["@tanstack/react-store@0.9.1", "", { "dependencies": { "@tanstack/store": "0.9.1", "use-sync-external-store": "^1.6.0" }, "peerDependencies": { "react": "^16.8.0 || ^17.0.0 || ^18.0.0 || ^19.0.0", "react-dom": "^16.8.0 || ^17.0.0 || ^18.0.0 || ^19.0.0" } }, "sha512-YzJLnRvy5lIEFTLWBAZmcOjK3+2AepnBv/sr6NZmiqJvq7zTQggyK99Gw8fqYdMdHPQWXjz0epFKJXC+9V2xDA=="],

    "@tanstack/router-core": ["@tanstack/router-core@1.161.3", "", { "dependencies": { "@tanstack/history": "1.154.14", "@tanstack/store": "^0.9.1", "cookie-es": "^2.0.0", "seroval": "^1.4.2", "seroval-plugins": "^1.4.2", "tiny-invariant": "^1.3.3", "tiny-warning": "^1.0.3" } }, "sha512-8EuaGXLUjugQE9Rsb8VrWSy+wImcs/DZ9JORqUJYCmiiWnJzbat8KedQItq/9LCjMJyx4vTLCt8NnZCL+j1Ayg=="],

    "@tanstack/store": ["@tanstack/store@0.9.1", "", {}, "sha512-+qcNkOy0N1qSGsP7omVCW0SDrXtaDcycPqBDE726yryiA5eTDFpjBReaYjghVJwNf1pcPMyzIwTGlYjCSQR0Fg=="],

    "@types/bun": ["@types/bun@1.3.9", "", { "dependencies": { "bun-types": "1.3.9" } }, "sha512-KQ571yULOdWJiMH+RIWIOZ7B2RXQGpL1YQrBtLIV3FqDcCu6FsbFUBwhdKUlCKUpS3PJDsHlJ1QKlpxoVR+xtw=="],

    "@types/node": ["@types/node@25.3.0", "", { "dependencies": { "undici-types": "~7.18.0" } }, "sha512-4K3bqJpXpqfg2XKGK9bpDTc6xO/xoUP/RBWS7AtRMug6zZFaRekiLzjVtAoZMquxoAbzBvy5nxQ7veS5eYzf8A=="],

    "@types/react": ["@types/react@19.2.14", "", { "dependencies": { "csstype": "^3.2.2" } }, "sha512-ilcTH/UniCkMdtexkoCN0bI7pMcJDvmQFPvuPvmEaYA/NSfFTAgdUSLAoVjaRJm7+6PvcM+q1zYOwS4wTYMF9w=="],

    "@types/react-dom": ["@types/react-dom@19.2.3", "", { "peerDependencies": { "@types/react": "^19.2.0" } }, "sha512-jp2L/eY6fn+KgVVQAOqYItbF0VY/YApe5Mz2F0aykSO8gx31bYCZyvSeYxCHKvzHG5eZjc+zyaS5BrBWya2+kQ=="],

    "@types/trusted-types": ["@types/trusted-types@2.0.7", "", {}, "sha512-ScaPdn1dQczgbl0QFTeTOmVHFULt394XJgOQNoyVhZ6r2vLnMLJfBPd53SB52T/3G36VI1/g2MZaX0cwDuXsfw=="],

    "antd": ["antd@6.3.0", "", { "dependencies": { "@ant-design/colors": "^8.0.1", "@ant-design/cssinjs": "^2.1.0", "@ant-design/cssinjs-utils": "^2.1.1", "@ant-design/fast-color": "^3.0.1", "@ant-design/icons": "^6.1.0", "@ant-design/react-slick": "~2.0.0", "@babel/runtime": "^7.28.4", "@rc-component/cascader": "~1.14.0", "@rc-component/checkbox": "~2.0.0", "@rc-component/collapse": "~1.2.0", "@rc-component/color-picker": "~3.1.0", "@rc-component/dialog": "~1.8.4", "@rc-component/drawer": "~1.4.2", "@rc-component/dropdown": "~1.0.2", "@rc-component/form": "~1.6.2", "@rc-component/image": "~1.6.0", "@rc-component/input": "~1.1.2", "@rc-component/input-number": "~1.6.2", "@rc-component/mentions": "~1.6.0", "@rc-component/menu": "~1.2.0", "@rc-component/motion": "~1.1.6", "@rc-component/mutate-observer": "^2.0.1", "@rc-component/notification": "~1.2.0", "@rc-component/pagination": "~1.2.0", "@rc-component/picker": "~1.9.0", "@rc-component/progress": "~1.0.2", "@rc-component/qrcode": "~1.1.1", "@rc-component/rate": "~1.0.1", "@rc-component/resize-observer": "^1.1.1", "@rc-component/segmented": "~1.3.0", "@rc-component/select": "~1.6.5", "@rc-component/slider": "~1.0.1", "@rc-component/steps": "~1.2.2", "@rc-component/switch": "~1.0.3", "@rc-component/table": "~1.9.1", "@rc-component/tabs": "~1.7.0", "@rc-component/textarea": "~1.1.2", "@rc-component/tooltip": "~1.4.0", "@rc-component/tour": "~2.3.0", "@rc-component/tree": "~1.2.3", "@rc-component/tree-select": "~1.8.0", "@rc-component/trigger": "^3.9.0", "@rc-component/upload": "~1.1.0", "@rc-component/util": "^1.9.0", "clsx": "^2.1.1", "dayjs": "^1.11.11", "scroll-into-view-if-needed": "^3.1.0", "throttle-debounce": "^5.0.2" }, "peerDependencies": { "react": ">=18.0.0", "react-dom": ">=18.0.0" } }, "sha512-bbHJcASrRHp02wTpr940KtUHlTT6tvmaD4OAjqgOJXNmTQ/+qBDdBVWY/yeDV41p/WbWjTLlaqRGVbL3UEVpNw=="],

    "asynckit": ["asynckit@0.4.0", "", {}, "sha512-Oei9OH4tRh0YqU3GxhX79dM/mwVgvbZJaSNaRk+bshkj0S5cfHcgYakreBjrHwatXKbz+IoIdYLxrKim2MjW0Q=="],

    "axios": ["axios@1.13.5", "", { "dependencies": { "follow-redirects": "^1.15.11", "form-data": "^4.0.5", "proxy-from-env": "^1.1.0" } }, "sha512-cz4ur7Vb0xS4/KUN0tPWe44eqxrIu31me+fbang3ijiNscE129POzipJJA6zniq2C/Z6sJCjMimjS8Lc/GAs8Q=="],

    "bun-types": ["bun-types@1.3.9", "", { "dependencies": { "@types/node": "*" } }, "sha512-+UBWWOakIP4Tswh0Bt0QD0alpTY8cb5hvgiYeWCMet9YukHbzuruIEeXC2D7nMJPB12kbh8C7XJykSexEqGKJg=="],

    "call-bind-apply-helpers": ["call-bind-apply-helpers@1.0.2", "", { "dependencies": { "es-errors": "^1.3.0", "function-bind": "^1.1.2" } }, "sha512-Sp1ablJ0ivDkSzjcaJdxEunN5/XvksFJ2sMBFfq6x0ryhQV/2b/KwFe21cMpmHtPOSij8K99/wSfoEuTObmuMQ=="],

    "clsx": ["clsx@2.1.1", "", {}, "sha512-eYm0QWBtUrBWZWG0d386OGAw16Z995PiOVo2B7bjWSbHedGl5e0ZWaq65kOGgUSNesEIDkB9ISbTg/JK9dhCZA=="],

    "codex-notifier": ["codex-notifier@1.1.2", "", {}, "sha512-DCp6xe/LGueJ1N5sXEwcBc3r3PyVkEEDNWCVigfvywAkeXcZMk9K41a31tkEFBW0Ptlwji6/JlAb49E3Yrxbtg=="],

    "codex-tooltip": ["codex-tooltip@1.0.5", "", {}, "sha512-IuA8LeyLU5p1B+HyhOsqR6oxyFQ11k3i9e9aXw40CrHFTRO2Y1npNBVU3W1SvhKAbUU7R/YikUBdcYFP0RcJag=="],

    "combined-stream": ["combined-stream@1.0.8", "", { "dependencies": { "delayed-stream": "~1.0.0" } }, "sha512-FQN4MRfuJeHf7cBbBMJFXhKSDq+2kAArBlmRBvcvFE5BB1HZKXtSFASDhdlz9zOYwxh8lDdnvmMOe/+5cdoEdg=="],

    "commander": ["commander@8.3.0", "", {}, "sha512-OkTL9umf+He2DZkUq8f8J9of7yL6RJKI24dVITBmNfZBmri9zYZQrKkuXiKhyfPSu8tUhnVBB1iKXevvnlR4Ww=="],

    "compute-scroll-into-view": ["compute-scroll-into-view@3.1.1", "", {}, "sha512-VRhuHOLoKYOy4UbilLbUzbYg93XLjv2PncJC50EuTWPA3gaja1UjBsUP/D/9/juV3vQFr6XBEzn9KCAHdUvOHw=="],

    "cookie-es": ["cookie-es@2.0.0", "", {}, "sha512-RAj4E421UYRgqokKUmotqAwuplYw15qtdXfY+hGzgCJ/MBjCVZcSoHK/kH9kocfjRjcDME7IiDWR/1WX1TM2Pg=="],

    "csstype": ["csstype@3.2.3", "", {}, "sha512-z1HGKcYy2xA8AGQfwrn0PAy+PB7X/GSj3UVJW9qKyn43xWa+gl5nXmU4qqLMRzWVLFC8KusUX8T/0kCiOYpAIQ=="],

    "dayjs": ["dayjs@1.11.19", "", {}, "sha512-t5EcLVS6QPBNqM2z8fakk/NKel+Xzshgt8FFKAn+qwlD1pzZWxh0nVCrvFK7ZDb6XucZeF9z8C7CBWTRIVApAw=="],

    "delayed-stream": ["delayed-stream@1.0.0", "", {}, "sha512-ZySD7Nf91aLB0RxL4KGrKHBXl7Eds1DAmEdcoVawXnLD7SDhpNgtuII2aAkg7a7QS41jxPSZ17p4VdGnMHk3MQ=="],

    "dom-serializer": ["dom-serializer@2.0.0", "", { "dependencies": { "domelementtype": "^2.3.0", "domhandler": "^5.0.2", "entities": "^4.2.0" } }, "sha512-wIkAryiqt/nV5EQKqQpo3SToSOV9J0DnbJqwK7Wv/Trc92zIAYZ4FlMu+JPFW1DfGFt81ZTCGgDEabffXeLyJg=="],

    "domelementtype": ["domelementtype@2.3.0", "", {}, "sha512-OLETBj6w0OsagBwdXnPdN0cnMfF9opN69co+7ZrbfPGrdpPVNBUj02spi6B1N7wChLQiPn4CSH/zJvXw56gmHw=="],

    "domhandler": ["domhandler@5.0.3", "", { "dependencies": { "domelementtype": "^2.3.0" } }, "sha512-cgwlv/1iFQiFnU96XXgROh8xTeetsnJiDsTc7TYCLFd9+/WNkIqPTxiM/8pSd8VIrhXGTf1Ny1q1hquVqDJB5w=="],

    "dompurify": ["dompurify@3.3.1", "", { "optionalDependencies": { "@types/trusted-types": "^2.0.7" } }, "sha512-qkdCKzLNtrgPFP1Vo+98FRzJnBRGe4ffyCea9IwHB1fyxPOeNTHpLKYGd4Uk9xvNoH0ZoOjwZxNptyMwqrId1Q=="],

    "domutils": ["domutils@3.2.2", "", { "dependencies": { "dom-serializer": "^2.0.0", "domelementtype": "^2.3.0", "domhandler": "^5.0.3" } }, "sha512-6kZKyUajlDuqlHKVX1w7gyslj9MPIXzIFiz/rGu35uC1wMi+kMhQwGhl4lt9unC9Vb9INnY9Z3/ZA3+FhASLaw=="],

    "dunder-proto": ["dunder-proto@1.0.1", "", { "dependencies": { "call-bind-apply-helpers": "^1.0.1", "es-errors": "^1.3.0", "gopd": "^1.2.0" } }, "sha512-KIN/nDJBQRcXw0MLVhZE9iQHmG68qAVIBg9CqmUYjmQIhgij9U5MFvrqkUL5FbtyyzZuOeOt0zdeRe4UY7ct+A=="],

    "entities": ["entities@7.0.1", "", {}, "sha512-TWrgLOFUQTH994YUyl1yT4uyavY5nNB5muff+RtWaqNVCAK408b5ZnnbNAUEWLTCpum9w6arT70i1XdQ4UeOPA=="],

    "es-define-property": ["es-define-property@1.0.1", "", {}, "sha512-e3nRfgfUZ4rNGL232gUgX06QNyyez04KdjFrF+LTRoOXmrOgFKDg4BCdsjW8EnT69eqdYGmRpJwiPVYNrCaW3g=="],

    "es-errors": ["es-errors@1.3.0", "", {}, "sha512-Zf5H2Kxt2xjTvbJvP2ZWLEICxA6j+hAmMzIlypy4xcBg1vKVnx89Wy0GbS+kf5cwCVFFzdCFh2XSCFNULS6csw=="],

    "es-object-atoms": ["es-object-atoms@1.1.1", "", { "dependencies": { "es-errors": "^1.3.0" } }, "sha512-FGgH2h8zKNim9ljj7dankFPcICIK9Cp5bm+c2gQSYePhpaG5+esrLODihIorn+Pe6FGJzWhXQotPv73jTaldXA=="],

    "es-set-tostringtag": ["es-set-tostringtag@2.1.0", "", { "dependencies": { "es-errors": "^1.3.0", "get-intrinsic": "^1.2.6", "has-tostringtag": "^1.0.2", "hasown": "^2.0.2" } }, "sha512-j6vWzfrGVfyXxge+O0x5sh6cvxAog0a/4Rdd2K36zCMV5eJ+/+tOAngRO8cODMNWbVRdVlmGZQL2YS3yR8bIUA=="],

    "follow-redirects": ["follow-redirects@1.15.11", "", {}, "sha512-deG2P0JfjrTxl50XGCDyfI97ZGVCxIpfKYmfyrQ54n5FO/0gfIES8C/Psl6kWVDolizcaaxZJnTS0QSMxvnsBQ=="],

    "form-data": ["form-data@4.0.5", "", { "dependencies": { "asynckit": "^0.4.0", "combined-stream": "^1.0.8", "es-set-tostringtag": "^2.1.0", "hasown": "^2.0.2", "mime-types": "^2.1.12" } }, "sha512-8RipRLol37bNs2bhoV67fiTEvdTrbMUYcFTiy3+wuuOnUog2QBHCZWXDRijWQfAkhBj2Uf5UnVaiWwA5vdd82w=="],

    "function-bind": ["function-bind@1.1.2", "", {}, "sha512-7XHNxH7qX9xG5mIwxkhumTox/MIRNcOgDrxWsMt2pAr23WHp6MrRlN7FBSFpCpr+oVO0F744iUgR82nJMfG2SA=="],

    "get-intrinsic": ["get-intrinsic@1.3.0", "", { "dependencies": { "call-bind-apply-helpers": "^1.0.2", "es-define-property": "^1.0.1", "es-errors": "^1.3.0", "es-object-atoms": "^1.1.1", "function-bind": "^1.1.2", "get-proto": "^1.0.1", "gopd": "^1.2.0", "has-symbols": "^1.1.0", "hasown": "^2.0.2", "math-intrinsics": "^1.1.0" } }, "sha512-9fSjSaos/fRIVIp+xSJlE6lfwhES7LNtKaCBIamHsjr2na1BiABJPo0mOjjz8GJDURarmCPGqaiVg5mfjb98CQ=="],

    "get-proto": ["get-proto@1.0.1", "", { "dependencies": { "dunder-proto": "^1.0.1", "es-object-atoms": "^1.0.0" } }, "sha512-sTSfBjoXBp89JvIKIefqw7U2CCebsc74kiY6awiGogKtoSGbgjYE/G/+l9sF3MWFPNc9IcoOC4ODfKHfxFmp0g=="],

    "gopd": ["gopd@1.2.0", "", {}, "sha512-ZUKRh6/kUFoAiTAtTYPZJ3hw9wNxx+BIBOijnlG9PnrJsCcSjs1wyyD6vJpaYtgnzDrKYRSqf3OO6Rfa93xsRg=="],

    "has-symbols": ["has-symbols@1.1.0", "", {}, "sha512-1cDNdwJ2Jaohmb3sg4OmKaMBwuC48sYni5HUw2DvsC8LjGTLK9h+eb1X6RyuOHe4hT0ULCW68iomhjUoKUqlPQ=="],

    "has-tostringtag": ["has-tostringtag@1.0.2", "", { "dependencies": { "has-symbols": "^1.0.3" } }, "sha512-NqADB8VjPFLM2V0VvHUewwwsw0ZWBaIdgo+ieHtK3hasLz4qeCRjYcqfB6AQrBggRKppKF8L52/VqdVsO47Dlw=="],

    "hasown": ["hasown@2.0.2", "", { "dependencies": { "function-bind": "^1.1.2" } }, "sha512-0hJU9SCPvmMzIBdZFqNPXWa6dqh7WdH0cII9y+CyS8rG3nL48Bclra9HmKhVVUHyPWNH5Y7xDwAB7bfgSjkUMQ=="],

    "html-dom-parser": ["html-dom-parser@5.1.8", "", { "dependencies": { "domhandler": "5.0.3", "htmlparser2": "10.1.0" } }, "sha512-MCIUng//mF2qTtGHXJWr6OLfHWmg3Pm8ezpfiltF83tizPWY17JxT4dRLE8lykJ5bChJELoY3onQKPbufJHxYA=="],

    "html-react-parser": ["html-react-parser@5.2.17", "", { "dependencies": { "domhandler": "5.0.3", "html-dom-parser": "5.1.8", "react-property": "2.0.2", "style-to-js": "1.1.21" }, "peerDependencies": { "@types/react": "0.14 || 15 || 16 || 17 || 18 || 19", "react": "0.14 || 15 || 16 || 17 || 18 || 19" }, "optionalPeers": ["@types/react"] }, "sha512-m+K/7Moq1jodAB4VL0RXSOmtwLUYoAsikZhwd+hGQe5Vtw2dbWfpFd60poxojMU0Tsh9w59mN1QLEcoHz0Dx9w=="],

    "htmlparser2": ["htmlparser2@10.1.0", "", { "dependencies": { "domelementtype": "^2.3.0", "domhandler": "^5.0.3", "domutils": "^3.2.2", "entities": "^7.0.1" } }, "sha512-VTZkM9GWRAtEpveh7MSF6SjjrpNVNNVJfFup7xTY3UpFtm67foy9HDVXneLtFVt4pMz5kZtgNcvCniNFb1hlEQ=="],

    "inline-style-parser": ["inline-style-parser@0.2.7", "", {}, "sha512-Nb2ctOyNR8DqQoR0OwRG95uNWIC0C1lCgf5Naz5H6Ji72KZ8OcFZLz2P5sNgwlyoJ8Yif11oMuYs5pBQa86csA=="],

    "is-mobile": ["is-mobile@5.0.0", "", {}, "sha512-Tz/yndySvLAEXh+Uk8liFCxOwVH6YutuR74utvOcu7I9Di+DwM0mtdPVZNaVvvBUM2OXxne/NhOs1zAO7riusQ=="],

    "isbot": ["isbot@5.1.35", "", {}, "sha512-waFfC72ZNfwLLuJ2iLaoVaqcNo+CAaLR7xCpAn0Y5WfGzkNHv7ZN39Vbi1y+kb+Zs46XHOX3tZNExroFUPX+Kg=="],

    "json2mq": ["json2mq@0.2.0", "", { "dependencies": { "string-convert": "^0.2.0" } }, "sha512-SzoRg7ux5DWTII9J2qkrZrqV1gt+rTaoufMxEzXbS26Uid0NwaJd123HcoB80TgubEppxxIGdNxCx50fEoEWQA=="],

    "katex": ["katex@0.16.28", "", { "dependencies": { "commander": "^8.3.0" }, "bin": { "katex": "cli.js" } }, "sha512-YHzO7721WbmAL6Ov1uzN/l5mY5WWWhJBSW+jq4tkfZfsxmo1hu6frS0EOswvjBUnWE6NtjEs48SFn5CQESRLZg=="],

    "marked": ["marked@15.0.12", "", { "bin": { "marked": "bin/marked.js" } }, "sha512-8dD6FusOQSrpv9Z1rdNMdlSgQOIP880DHqnohobOmYLElGEqAL/JvxvuxZO16r4HtjTlfPRDC1hbvxC9dPN2nA=="],

    "math-intrinsics": ["math-intrinsics@1.1.0", "", {}, "sha512-/IXtbwEk5HTPyEwyKX6hGkYXxM9nbj64B+ilVJnC/R6B0pH5G4V3b0pVbL7DBj4tkhBAppbQUlf6F6Xl9LHu1g=="],

    "mime-db": ["mime-db@1.52.0", "", {}, "sha512-sPU4uV7dYlvtWJxwwxHD0PuihVNiE7TyAbQ5SWxDCB9mUYvOgroQOwYQQOKPJ8CIbE+1ETVlOoK1UC2nU3gYvg=="],

    "mime-types": ["mime-types@2.1.35", "", { "dependencies": { "mime-db": "1.52.0" } }, "sha512-ZDY+bPm5zTTF+YpCrAU9nK0UgICYPT0QtT1NZWFv4s++TNkcgVaT0g6+4R2uI4MjQjzysHB1zxuWL50hzaeXiw=="],

    "proxy-from-env": ["proxy-from-env@1.1.0", "", {}, "sha512-D+zkORCbA9f1tdWRK0RaCR3GPv50cMxcrz4X8k5LTSUD1Dkw47mKJEZQNunItRTkWwgtaUSo1RVFRIG9ZXiFYg=="],

    "raibecas-admin": ["raibecas-admin@workspace:apps/admin-panel"],

    "raibecas-user": ["raibecas-user@workspace:apps/user-app"],

    "react": ["react@19.2.4", "", {}, "sha512-9nfp2hYpCwOjAN+8TZFGhtWEwgvWHXqESH8qT89AT/lWklpLON22Lc8pEtnpsZz7VmawabSU0gCjnj8aC0euHQ=="],

    "react-dom": ["react-dom@19.2.4", "", { "dependencies": { "scheduler": "^0.27.0" }, "peerDependencies": { "react": "^19.2.4" } }, "sha512-AXJdLo8kgMbimY95O2aKQqsz2iWi9jMgKJhRBAxECE4IFxfcazB2LmzloIoibJI3C12IlY20+KFaLv+71bUJeQ=="],

    "react-is": ["react-is@18.3.1", "", {}, "sha512-/LLMVyas0ljjAtoYiPqYiL8VWXzUUdThrmU5+n20DZv+a+ClRoevUzw5JxU+Ieh5/c87ytoTBV9G1FiKfNJdmg=="],

    "react-property": ["react-property@2.0.2", "", {}, "sha512-+PbtI3VuDV0l6CleQMsx2gtK0JZbZKbpdu5ynr+lbsuvtmgbNcS3VM0tuY2QjFNOcWxvXeHjDpy42RO+4U2rug=="],

    "scheduler": ["scheduler@0.27.0", "", {}, "sha512-eNv+WrVbKu1f3vbYJT/xtiF5syA5HPIMtf9IgY/nKg0sWqzAUEvqY/xm7OcZc/qafLx/iO9FgOmeSAp4v5ti/Q=="],

    "scroll-into-view-if-needed": ["scroll-into-view-if-needed@3.1.0", "", { "dependencies": { "compute-scroll-into-view": "^3.0.2" } }, "sha512-49oNpRjWRvnU8NyGVmUaYG4jtTkNonFZI86MmGRDqBphEK2EXT9gdEUoQPZhuBM8yWHxCWbobltqYO5M4XrUvQ=="],

    "seroval": ["seroval@1.5.0", "", {}, "sha512-OE4cvmJ1uSPrKorFIH9/w/Qwuvi/IMcGbv5RKgcJ/zjA/IohDLU6SVaxFN9FwajbP7nsX0dQqMDes1whk3y+yw=="],

    "seroval-plugins": ["seroval-plugins@1.5.0", "", { "peerDependencies": { "seroval": "^1.0" } }, "sha512-EAHqADIQondwRZIdeW2I636zgsODzoBDwb3PT/+7TLDWyw1Dy/Xv7iGUIEXXav7usHDE9HVhOU61irI3EnyyHA=="],

    "string-convert": ["string-convert@0.2.1", "", {}, "sha512-u/1tdPl4yQnPBjnVrmdLo9gtuLvELKsAoRapekWggdiQNvvvum+jYF329d84NAa660KQw7pB2n36KrIKVoXa3A=="],

    "style-to-js": ["style-to-js@1.1.21", "", { "dependencies": { "style-to-object": "1.0.14" } }, "sha512-RjQetxJrrUJLQPHbLku6U/ocGtzyjbJMP9lCNK7Ag0CNh690nSH8woqWH9u16nMjYBAok+i7JO1NP2pOy8IsPQ=="],

    "style-to-object": ["style-to-object@1.0.14", "", { "dependencies": { "inline-style-parser": "0.2.7" } }, "sha512-LIN7rULI0jBscWQYaSswptyderlarFkjQ+t79nzty8tcIAceVomEVlLzH5VP4Cmsv6MtKhs7qaAiwlcp+Mgaxw=="],

    "stylis": ["stylis@4.3.6", "", {}, "sha512-yQ3rwFWRfwNUY7H5vpU0wfdkNSnvnJinhF9830Swlaxl03zsOjCfmX0ugac+3LtK0lYSgwL/KXc8oYL3mG4YFQ=="],

    "throttle-debounce": ["throttle-debounce@5.0.2", "", {}, "sha512-B71/4oyj61iNH0KeCamLuE2rmKuTO5byTOSVwECM5FA7TiAiAW+UqTKZ9ERueC4qvgSttUhdmq1mXC3kJqGX7A=="],

    "tiny-invariant": ["tiny-invariant@1.3.3", "", {}, "sha512-+FbBPE1o9QAYvviau/qC5SE3caw21q3xkvWKBtja5vgqOWIHHJ3ioaq1VPfn/Szqctz2bU/oYeKd9/z5BL+PVg=="],

    "tiny-warning": ["tiny-warning@1.0.3", "", {}, "sha512-lBN9zLN/oAf68o3zNXYrdCt1kP8WsiGW8Oo2ka41b2IM5JL/S1CTyX1rW0mb/zSuJun0ZUrDxx4sqvYS2FWzPA=="],

    "undici-types": ["undici-types@7.18.2", "", {}, "sha512-AsuCzffGHJybSaRrmr5eHr81mwJU3kjw6M+uprWvCXiNeN9SOGwQ3Jn8jb8m3Z6izVgknn1R0FTCEAP2QrLY/w=="],

    "use-sync-external-store": ["use-sync-external-store@1.6.0", "", { "peerDependencies": { "react": "^16.8.0 || ^17.0.0 || ^18.0.0 || ^19.0.0" } }, "sha512-Pp6GSwGP/NrPIrxVFAIkOQeyw8lFenOHijQWkUTrDvrF4ALqylP2C/KCkeS9dpUM3KvYRQhna5vt7IL95+ZQ9w=="],

    "@editorjs/caret/@editorjs/dom": ["@editorjs/dom@1.0.1", "", { "dependencies": { "@editorjs/helpers": "^1.0.1" } }, "sha512-yLO+86MYOIUr1Jl7SQw23SYT84ggv6aJW0EIRsI3NTHYgnQzmK7Bt2n5ZFupQlB0GJqmKqA5tCue3NKQb+o7Pw=="],

    "@editorjs/header/@codexteam/icons": ["@codexteam/icons@0.0.5", "", {}, "sha512-s6H2KXhLz2rgbMZSkRm8dsMJvyUNZsEjxobBEg9ztdrb1B2H3pEzY6iTwI4XUPJWJ3c3qRKwV4TrO3J5jUdoQA=="],

    "@editorjs/marker/@codexteam/icons": ["@codexteam/icons@0.0.5", "", {}, "sha512-s6H2KXhLz2rgbMZSkRm8dsMJvyUNZsEjxobBEg9ztdrb1B2H3pEzY6iTwI4XUPJWJ3c3qRKwV4TrO3J5jUdoQA=="],

    "@editorjs/table/@codexteam/icons": ["@codexteam/icons@0.0.6", "", {}, "sha512-L7Q5PET8PjKcBT5wp7VR+FCjwCi5PUp7rd/XjsgQ0CI5FJz0DphyHGRILMuDUdCW2MQT9NHbVr4QP31vwAkS/A=="],

    "dom-serializer/entities": ["entities@4.5.0", "", {}, "sha512-V0hjH4dGPh9Ao5p0MoRY6BVqtwCjhz6vI5LT8AJ55H+4g9/4vbHx1I54fS0XuclLhDHArPQCiMjDxjaL8fPxhw=="],

    "@editorjs/caret/@editorjs/dom/@editorjs/helpers": ["@editorjs/helpers@1.0.1", "", {}, "sha512-Lmr8ImoQvoROXtzhsIJsA1ZtXzH46DmE6O8hMjn9/AvQq62UfjREjn+Ewi6KxjIZMay2PsgDEbLlsVyNJGEaxw=="],
  }
}
